{
  "name": "demo-project",
  "version": "1.0.0",
  "lockfileVersion": 2,
  "requires": true,
  "packages": {
    "": {
      "name": "demo-project",
      "version": "1.0.0",
      "license": "ISC",
      "dependencies": {
        "playfab-sdk": "^2.118.230206"
      }
    },
    "node_modules/playfab-sdk": {
      "version": "2.118.230206",
      "resolved": "https://registry.npmjs.org/playfab-sdk/-/playfab-sdk-2.118.230206.tgz",
      "integrity": "sha512-yTyTZdGD+ukFUVCgddpZxOLFCmquZ5HuZZ0voBY3xrfT8rHtDYsP7PsxuGjztb+eyTiHstSwunCqNhHacY818w=="
    }
  },
  "dependencies": {
    "playfab-sdk": {
      "version": "2.118.230206",
      "resolved": "https://registry.npmjs.org/playfab-sdk/-/playfab-sdk-2.118.230206.tgz",
      "integrity": "sha512-yTyTZdGD+ukFUVCgddpZxOLFCmquZ5HuZZ0voBY3xrfT8rHtDYsP7PsxuGjztb+eyTiHstSwunCqNhHacY818w=="
    }
  }
}
